// !$*UTF8*$!
{
	archiveVersion = 1;
	classes = {
	};
	objectVersion = 51;
	objects = {

/* Begin PBXBuildFile section */
		10ED4BE058E8E6B01F9C1D8C /* Pods_Birzoom.framework in Frameworks */ = {isa = PBXBuildFile; fileRef = 29396E119D49209D43537B22 /* Pods_Birzoom.framework */; };
		C30607C526F8CCA600D2A88A /* LessonTVC.swift in Sources */ = {isa = PBXBuildFile; fileRef = C30607C326F8CCA600D2A88A /* LessonTVC.swift */; };
		C30607C626F8CCA600D2A88A /* LessonTVC.xib in Resources */ = {isa = PBXBuildFile; fileRef = C30607C426F8CCA600D2A88A /* LessonTVC.xib */; };
		C33AAD6A26EF2037007CF7B9 /* AppDelegate.swift in Sources */ = {isa = PBXBuildFile; fileRef = C33AAD6926EF2037007CF7B9 /* AppDelegate.swift */; };
		C33AAD7326EF2039007CF7B9 /* Assets.xcassets in Resources */ = {isa = PBXBuildFile; fileRef = C33AAD7226EF2039007CF7B9 /* Assets.xcassets */; };
		C33AAD7626EF2039007CF7B9 /* LaunchScreen.storyboard in Resources */ = {isa = PBXBuildFile; fileRef = C33AAD7426EF2039007CF7B9 /* LaunchScreen.storyboard */; };
		C33AAD8626EF367D007CF7B9 /* WelcomeVC.swift in Sources */ = {isa = PBXBuildFile; fileRef = C33AAD8426EF367D007CF7B9 /* WelcomeVC.swift */; };
		C33AAD8726EF367D007CF7B9 /* WelcomeVC.xib in Resources */ = {isa = PBXBuildFile; fileRef = C33AAD8526EF367D007CF7B9 /* WelcomeVC.xib */; };
		C33AAD9B26EF59E8007CF7B9 /* Roboto-MediumItalic.ttf in Resources */ = {isa = PBXBuildFile; fileRef = C33AAD8E26EF59E7007CF7B9 /* Roboto-MediumItalic.ttf */; };
		C33AAD9C26EF59E8007CF7B9 /* Roboto-Italic.ttf in Resources */ = {isa = PBXBuildFile; fileRef = C33AAD8F26EF59E7007CF7B9 /* Roboto-Italic.ttf */; };
		C33AAD9D26EF59E8007CF7B9 /* Roboto-LightItalic.ttf in Resources */ = {isa = PBXBuildFile; fileRef = C33AAD9026EF59E7007CF7B9 /* Roboto-LightItalic.ttf */; };
		C33AAD9E26EF59E8007CF7B9 /* Roboto-BoldItalic.ttf in Resources */ = {isa = PBXBuildFile; fileRef = C33AAD9126EF59E7007CF7B9 /* Roboto-BoldItalic.ttf */; };
		C33AAD9F26EF59E8007CF7B9 /* Roboto-ThinItalic.ttf in Resources */ = {isa = PBXBuildFile; fileRef = C33AAD9226EF59E7007CF7B9 /* Roboto-ThinItalic.ttf */; };
		C33AADA026EF59E8007CF7B9 /* Roboto-Black.ttf in Resources */ = {isa = PBXBuildFile; fileRef = C33AAD9326EF59E8007CF7B9 /* Roboto-Black.ttf */; };
		C33AADA126EF59E8007CF7B9 /* Roboto-Bold.ttf in Resources */ = {isa = PBXBuildFile; fileRef = C33AAD9426EF59E8007CF7B9 /* Roboto-Bold.ttf */; };
		C33AADA226EF59E8007CF7B9 /* Roboto-Thin.ttf in Resources */ = {isa = PBXBuildFile; fileRef = C33AAD9526EF59E8007CF7B9 /* Roboto-Thin.ttf */; };
		C33AADA326EF59E8007CF7B9 /* Roboto-BlackItalic.ttf in Resources */ = {isa = PBXBuildFile; fileRef = C33AAD9626EF59E8007CF7B9 /* Roboto-BlackItalic.ttf */; };
		C33AADA426EF59E8007CF7B9 /* LICENSE.txt in Resources */ = {isa = PBXBuildFile; fileRef = C33AAD9726EF59E8007CF7B9 /* LICENSE.txt */; };
		C33AADA526EF59E8007CF7B9 /* Roboto-Light.ttf in Resources */ = {isa = PBXBuildFile; fileRef = C33AAD9826EF59E8007CF7B9 /* Roboto-Light.ttf */; };
		C33AADA626EF59E8007CF7B9 /* Roboto-Medium.ttf in Resources */ = {isa = PBXBuildFile; fileRef = C33AAD9926EF59E8007CF7B9 /* Roboto-Medium.ttf */; };
		C33AADA726EF59E8007CF7B9 /* Roboto-Regular.ttf in Resources */ = {isa = PBXBuildFile; fileRef = C33AAD9A26EF59E8007CF7B9 /* Roboto-Regular.ttf */; };
		C33AADAB26EF5A6C007CF7B9 /* Enums.swift in Sources */ = {isa = PBXBuildFile; fileRef = C33AADAA26EF5A6C007CF7B9 /* Enums.swift */; };
		C33AADAE26EF5D39007CF7B9 /* Extensions.swift in Sources */ = {isa = PBXBuildFile; fileRef = C33AADAD26EF5D39007CF7B9 /* Extensions.swift */; };
		C33AADB126EF699A007CF7B9 /* Lang.swift in Sources */ = {isa = PBXBuildFile; fileRef = C33AADB026EF699A007CF7B9 /* Lang.swift */; };
		C33AADB426EF6BB3007CF7B9 /* Cache.swift in Sources */ = {isa = PBXBuildFile; fileRef = C33AADB326EF6BB3007CF7B9 /* Cache.swift */; };
		C33AADBF26EF6E1E007CF7B9 /* Keys.swift in Sources */ = {isa = PBXBuildFile; fileRef = C33AADBE26EF6E1E007CF7B9 /* Keys.swift */; };
		C34CB56526FAFB3C00FF15C2 /* NewsCVC.swift in Sources */ = {isa = PBXBuildFile; fileRef = C34CB56326FAFB3B00FF15C2 /* NewsCVC.swift */; };
		C34CB56626FAFB3C00FF15C2 /* NewsCVC.xib in Resources */ = {isa = PBXBuildFile; fileRef = C34CB56426FAFB3B00FF15C2 /* NewsCVC.xib */; };
		C34CB56A26FB0C7C00FF15C2 /* VideosCVC.swift in Sources */ = {isa = PBXBuildFile; fileRef = C34CB56826FB0C7C00FF15C2 /* VideosCVC.swift */; };
		C34CB56B26FB0C7C00FF15C2 /* VideosCVC.xib in Resources */ = {isa = PBXBuildFile; fileRef = C34CB56926FB0C7C00FF15C2 /* VideosCVC.xib */; };
		C34CB57026FB37B200FF15C2 /* GuideVC.swift in Sources */ = {isa = PBXBuildFile; fileRef = C34CB56E26FB37B100FF15C2 /* GuideVC.swift */; };
		C34CB57126FB37B200FF15C2 /* GuideVC.xib in Resources */ = {isa = PBXBuildFile; fileRef = C34CB56F26FB37B100FF15C2 /* GuideVC.xib */; };
		C34CB57626FB47AC00FF15C2 /* bigbuck.mp4 in Resources */ = {isa = PBXBuildFile; fileRef = C34CB57526FB47AC00FF15C2 /* bigbuck.mp4 */; };
		C360EA6926F065D900289A5C /* SignupVC.swift in Sources */ = {isa = PBXBuildFile; fileRef = C360EA6726F065D900289A5C /* SignupVC.swift */; };
		C360EA6A26F065D900289A5C /* SignupVC.xib in Resources */ = {isa = PBXBuildFile; fileRef = C360EA6826F065D900289A5C /* SignupVC.xib */; };
		C360EA7B26F0C89300289A5C /* OTPVarifyVC.swift in Sources */ = {isa = PBXBuildFile; fileRef = C360EA7926F0C89300289A5C /* OTPVarifyVC.swift */; };
		C360EA7C26F0C89300289A5C /* OTPVarifyVC.xib in Resources */ = {isa = PBXBuildFile; fileRef = C360EA7A26F0C89300289A5C /* OTPVarifyVC.xib */; };
		C3A203AE26FDA7B100506DBC /* NewsVC.swift in Sources */ = {isa = PBXBuildFile; fileRef = C3A203AC26FDA7B100506DBC /* NewsVC.swift */; };
		C3A203AF26FDA7B100506DBC /* NewsVC.xib in Resources */ = {isa = PBXBuildFile; fileRef = C3A203AD26FDA7B100506DBC /* NewsVC.xib */; };
		C3A203B326FDAC8600506DBC /* NewsTVC.swift in Sources */ = {isa = PBXBuildFile; fileRef = C3A203B126FDAC8600506DBC /* NewsTVC.swift */; };
		C3A203B426FDAC8600506DBC /* NewsTVC.xib in Resources */ = {isa = PBXBuildFile; fileRef = C3A203B226FDAC8600506DBC /* NewsTVC.xib */; };
		C3A203B826FDDDA900506DBC /* NewsDetailedVC.swift in Sources */ = {isa = PBXBuildFile; fileRef = C3A203B626FDDDA800506DBC /* NewsDetailedVC.swift */; };
		C3A203B926FDDDA900506DBC /* NewsDetailedVC.xib in Resources */ = {isa = PBXBuildFile; fileRef = C3A203B726FDDDA800506DBC /* NewsDetailedVC.xib */; };
		C3A203BD26FDDDFC00506DBC /* NewsMainDetailedTVC.swift in Sources */ = {isa = PBXBuildFile; fileRef = C3A203BB26FDDDFC00506DBC /* NewsMainDetailedTVC.swift */; };
		C3A203BE26FDDDFC00506DBC /* NewsMainDetailedTVC.xib in Resources */ = {isa = PBXBuildFile; fileRef = C3A203BC26FDDDFC00506DBC /* NewsMainDetailedTVC.xib */; };
		C3A203C226FDDE1C00506DBC /* NewsAdditionalTVC.swift in Sources */ = {isa = PBXBuildFile; fileRef = C3A203C026FDDE1C00506DBC /* NewsAdditionalTVC.swift */; };
		C3A203C326FDDE1C00506DBC /* NewsAdditionalTVC.xib in Resources */ = {isa = PBXBuildFile; fileRef = C3A203C126FDDE1C00506DBC /* NewsAdditionalTVC.xib */; };
		C3B15A6D26F3069700B9D76E /* LanguageVC.swift in Sources */ = {isa = PBXBuildFile; fileRef = C3B15A6B26F3069700B9D76E /* LanguageVC.swift */; };
		C3B15A6E26F3069700B9D76E /* LanguageVC.xib in Resources */ = {isa = PBXBuildFile; fileRef = C3B15A6C26F3069700B9D76E /* LanguageVC.xib */; };
		C3B15A7426F34B3700B9D76E /* InterestsVC.swift in Sources */ = {isa = PBXBuildFile; fileRef = C3B15A7226F34B3700B9D76E /* InterestsVC.swift */; };
		C3B15A7526F34B3700B9D76E /* InterestsVC.xib in Resources */ = {isa = PBXBuildFile; fileRef = C3B15A7326F34B3700B9D76E /* InterestsVC.xib */; };
		C3B15A7826F34B6400B9D76E /* HashtagLikeCollectionViewFlowLayout.swift in Sources */ = {isa = PBXBuildFile; fileRef = C3B15A7726F34B6400B9D76E /* HashtagLikeCollectionViewFlowLayout.swift */; };
		C3B15A7C26F34C1300B9D76E /* InterestsCVC.swift in Sources */ = {isa = PBXBuildFile; fileRef = C3B15A7A26F34C1300B9D76E /* InterestsCVC.swift */; };
		C3B15A7D26F34C1300B9D76E /* InterestsCVC.xib in Resources */ = {isa = PBXBuildFile; fileRef = C3B15A7B26F34C1300B9D76E /* InterestsCVC.xib */; };
		C3B15A8526F362A200B9D76E /* InterestTag.swift in Sources */ = {isa = PBXBuildFile; fileRef = C3B15A8426F362A200B9D76E /* InterestTag.swift */; };
		C3B7775326F5B4660020DE16 /* MainTabBarController.swift in Sources */ = {isa = PBXBuildFile; fileRef = C3B7775226F5B4660020DE16 /* MainTabBarController.swift */; };
		C3B7775726F5B5760020DE16 /* HomeVC.swift in Sources */ = {isa = PBXBuildFile; fileRef = C3B7775526F5B5760020DE16 /* HomeVC.swift */; };
		C3B7775826F5B5760020DE16 /* HomeVC.xib in Resources */ = {isa = PBXBuildFile; fileRef = C3B7775626F5B5760020DE16 /* HomeVC.xib */; };
		C3F5376326F1B14E004BBF00 /* OTPTextfield.swift in Sources */ = {isa = PBXBuildFile; fileRef = C3F5376226F1B14E004BBF00 /* OTPTextfield.swift */; };
		C3F5376726F1BF25004BBF00 /* SigninVC.swift in Sources */ = {isa = PBXBuildFile; fileRef = C3F5376526F1BF25004BBF00 /* SigninVC.swift */; };
		C3F5376826F1BF25004BBF00 /* SigninVC.xib in Resources */ = {isa = PBXBuildFile; fileRef = C3F5376626F1BF25004BBF00 /* SigninVC.xib */; };
		C3F5376B26F1D3AE004BBF00 /* PasswordTextField.swift in Sources */ = {isa = PBXBuildFile; fileRef = C3F5376A26F1D3AE004BBF00 /* PasswordTextField.swift */; };
		C3F5376F26F2039D004BBF00 /* PasswordRecoveryVC.swift in Sources */ = {isa = PBXBuildFile; fileRef = C3F5376D26F2039D004BBF00 /* PasswordRecoveryVC.swift */; };
		C3F5377026F2039D004BBF00 /* PasswordRecoveryVC.xib in Resources */ = {isa = PBXBuildFile; fileRef = C3F5376E26F2039D004BBF00 /* PasswordRecoveryVC.xib */; };
		C3F5377426F21287004BBF00 /* PasswordOTPVarifyVC.swift in Sources */ = {isa = PBXBuildFile; fileRef = C3F5377226F21287004BBF00 /* PasswordOTPVarifyVC.swift */; };
		C3F5377526F21287004BBF00 /* PasswordOTPVarifyVC.xib in Resources */ = {isa = PBXBuildFile; fileRef = C3F5377326F21287004BBF00 /* PasswordOTPVarifyVC.xib */; };
		C3F5377926F21B5E004BBF00 /* NewPasswordVC.swift in Sources */ = {isa = PBXBuildFile; fileRef = C3F5377726F21B5E004BBF00 /* NewPasswordVC.swift */; };
		C3F5377A26F21B5E004BBF00 /* NewPasswordVC.xib in Resources */ = {isa = PBXBuildFile; fileRef = C3F5377826F21B5E004BBF00 /* NewPasswordVC.xib */; };
		C3F58A7526F4A1EA0039E30F /* DiscardPopupVC.swift in Sources */ = {isa = PBXBuildFile; fileRef = C3F58A7326F4A1EA0039E30F /* DiscardPopupVC.swift */; };
		C3F58A7626F4A1EA0039E30F /* DiscardPopupVC.xib in Resources */ = {isa = PBXBuildFile; fileRef = C3F58A7426F4A1EA0039E30F /* DiscardPopupVC.xib */; };
/* End PBXBuildFile section */

/* Begin PBXFileReference section */
		274EEDA4A30E59067AF80722 /* Pods-Birzoom.release.xcconfig */ = {isa = PBXFileReference; includeInIndex = 1; lastKnownFileType = text.xcconfig; name = "Pods-Birzoom.release.xcconfig"; path = "Target Support Files/Pods-Birzoom/Pods-Birzoom.release.xcconfig"; sourceTree = "<group>"; };
		29396E119D49209D43537B22 /* Pods_Birzoom.framework */ = {isa = PBXFileReference; explicitFileType = wrapper.framework; includeInIndex = 0; path = Pods_Birzoom.framework; sourceTree = BUILT_PRODUCTS_DIR; };
		BBB9C0AC7934049803CA4819 /* Pods-Birzoom.debug.xcconfig */ = {isa = PBXFileReference; includeInIndex = 1; lastKnownFileType = text.xcconfig; name = "Pods-Birzoom.debug.xcconfig"; path = "Target Support Files/Pods-Birzoom/Pods-Birzoom.debug.xcconfig"; sourceTree = "<group>"; };
		C30607C326F8CCA600D2A88A /* LessonTVC.swift */ = {isa = PBXFileReference; lastKnownFileType = sourcecode.swift; path = LessonTVC.swift; sourceTree = "<group>"; };
		C30607C426F8CCA600D2A88A /* LessonTVC.xib */ = {isa = PBXFileReference; lastKnownFileType = file.xib; path = LessonTVC.xib; sourceTree = "<group>"; };
		C33AAD6626EF2037007CF7B9 /* Birzoom.app */ = {isa = PBXFileReference; explicitFileType = wrapper.application; includeInIndex = 0; path = Birzoom.app; sourceTree = BUILT_PRODUCTS_DIR; };
		C33AAD6926EF2037007CF7B9 /* AppDelegate.swift */ = {isa = PBXFileReference; lastKnownFileType = sourcecode.swift; path = AppDelegate.swift; sourceTree = "<group>"; };
		C33AAD7226EF2039007CF7B9 /* Assets.xcassets */ = {isa = PBXFileReference; lastKnownFileType = folder.assetcatalog; path = Assets.xcassets; sourceTree = "<group>"; };
		C33AAD7526EF2039007CF7B9 /* Base */ = {isa = PBXFileReference; lastKnownFileType = file.storyboard; name = Base; path = Base.lproj/LaunchScreen.storyboard; sourceTree = "<group>"; };
		C33AAD7726EF2039007CF7B9 /* Info.plist */ = {isa = PBXFileReference; lastKnownFileType = text.plist.xml; path = Info.plist; sourceTree = "<group>"; };
		C33AAD8426EF367D007CF7B9 /* WelcomeVC.swift */ = {isa = PBXFileReference; lastKnownFileType = sourcecode.swift; path = WelcomeVC.swift; sourceTree = "<group>"; };
		C33AAD8526EF367D007CF7B9 /* WelcomeVC.xib */ = {isa = PBXFileReference; lastKnownFileType = file.xib; path = WelcomeVC.xib; sourceTree = "<group>"; };
		C33AAD8E26EF59E7007CF7B9 /* Roboto-MediumItalic.ttf */ = {isa = PBXFileReference; lastKnownFileType = file; path = "Roboto-MediumItalic.ttf"; sourceTree = "<group>"; };
		C33AAD8F26EF59E7007CF7B9 /* Roboto-Italic.ttf */ = {isa = PBXFileReference; lastKnownFileType = file; path = "Roboto-Italic.ttf"; sourceTree = "<group>"; };
		C33AAD9026EF59E7007CF7B9 /* Roboto-LightItalic.ttf */ = {isa = PBXFileReference; lastKnownFileType = file; path = "Roboto-LightItalic.ttf"; sourceTree = "<group>"; };
		C33AAD9126EF59E7007CF7B9 /* Roboto-BoldItalic.ttf */ = {isa = PBXFileReference; lastKnownFileType = file; path = "Roboto-BoldItalic.ttf"; sourceTree = "<group>"; };
		C33AAD9226EF59E7007CF7B9 /* Roboto-ThinItalic.ttf */ = {isa = PBXFileReference; lastKnownFileType = file; path = "Roboto-ThinItalic.ttf"; sourceTree = "<group>"; };
		C33AAD9326EF59E8007CF7B9 /* Roboto-Black.ttf */ = {isa = PBXFileReference; lastKnownFileType = file; path = "Roboto-Black.ttf"; sourceTree = "<group>"; };
		C33AAD9426EF59E8007CF7B9 /* Roboto-Bold.ttf */ = {isa = PBXFileReference; lastKnownFileType = file; path = "Roboto-Bold.ttf"; sourceTree = "<group>"; };
		C33AAD9526EF59E8007CF7B9 /* Roboto-Thin.ttf */ = {isa = PBXFileReference; lastKnownFileType = file; path = "Roboto-Thin.ttf"; sourceTree = "<group>"; };
		C33AAD9626EF59E8007CF7B9 /* Roboto-BlackItalic.ttf */ = {isa = PBXFileReference; lastKnownFileType = file; path = "Roboto-BlackItalic.ttf"; sourceTree = "<group>"; };
		C33AAD9726EF59E8007CF7B9 /* LICENSE.txt */ = {isa = PBXFileReference; fileEncoding = 4; lastKnownFileType = text; path = LICENSE.txt; sourceTree = "<group>"; };
		C33AAD9826EF59E8007CF7B9 /* Roboto-Light.ttf */ = {isa = PBXFileReference; lastKnownFileType = file; path = "Roboto-Light.ttf"; sourceTree = "<group>"; };
		C33AAD9926EF59E8007CF7B9 /* Roboto-Medium.ttf */ = {isa = PBXFileReference; lastKnownFileType = file; path = "Roboto-Medium.ttf"; sourceTree = "<group>"; };
		C33AAD9A26EF59E8007CF7B9 /* Roboto-Regular.ttf */ = {isa = PBXFileReference; lastKnownFileType = file; path = "Roboto-Regular.ttf"; sourceTree = "<group>"; };
		C33AADAA26EF5A6C007CF7B9 /* Enums.swift */ = {isa = PBXFileReference; lastKnownFileType = sourcecode.swift; path = Enums.swift; sourceTree = "<group>"; };
		C33AADAD26EF5D39007CF7B9 /* Extensions.swift */ = {isa = PBXFileReference; lastKnownFileType = sourcecode.swift; path = Extensions.swift; sourceTree = "<group>"; };
		C33AADB026EF699A007CF7B9 /* Lang.swift */ = {isa = PBXFileReference; lastKnownFileType = sourcecode.swift; path = Lang.swift; sourceTree = "<group>"; };
		C33AADB326EF6BB3007CF7B9 /* Cache.swift */ = {isa = PBXFileReference; lastKnownFileType = sourcecode.swift; path = Cache.swift; sourceTree = "<group>"; };
		C33AADBE26EF6E1E007CF7B9 /* Keys.swift */ = {isa = PBXFileReference; lastKnownFileType = sourcecode.swift; path = Keys.swift; sourceTree = "<group>"; };
		C34CB56326FAFB3B00FF15C2 /* NewsCVC.swift */ = {isa = PBXFileReference; lastKnownFileType = sourcecode.swift; path = NewsCVC.swift; sourceTree = "<group>"; };
		C34CB56426FAFB3B00FF15C2 /* NewsCVC.xib */ = {isa = PBXFileReference; lastKnownFileType = file.xib; path = NewsCVC.xib; sourceTree = "<group>"; };
		C34CB56826FB0C7C00FF15C2 /* VideosCVC.swift */ = {isa = PBXFileReference; lastKnownFileType = sourcecode.swift; path = VideosCVC.swift; sourceTree = "<group>"; };
		C34CB56926FB0C7C00FF15C2 /* VideosCVC.xib */ = {isa = PBXFileReference; lastKnownFileType = file.xib; path = VideosCVC.xib; sourceTree = "<group>"; };
		C34CB56E26FB37B100FF15C2 /* GuideVC.swift */ = {isa = PBXFileReference; lastKnownFileType = sourcecode.swift; path = GuideVC.swift; sourceTree = "<group>"; };
		C34CB56F26FB37B100FF15C2 /* GuideVC.xib */ = {isa = PBXFileReference; lastKnownFileType = file.xib; path = GuideVC.xib; sourceTree = "<group>"; };
		C34CB57526FB47AC00FF15C2 /* bigbuck.mp4 */ = {isa = PBXFileReference; lastKnownFileType = file; path = bigbuck.mp4; sourceTree = "<group>"; };
		C360EA6726F065D900289A5C /* SignupVC.swift */ = {isa = PBXFileReference; lastKnownFileType = sourcecode.swift; path = SignupVC.swift; sourceTree = "<group>"; };
		C360EA6826F065D900289A5C /* SignupVC.xib */ = {isa = PBXFileReference; lastKnownFileType = file.xib; path = SignupVC.xib; sourceTree = "<group>"; };
		C360EA7926F0C89300289A5C /* OTPVarifyVC.swift */ = {isa = PBXFileReference; lastKnownFileType = sourcecode.swift; path = OTPVarifyVC.swift; sourceTree = "<group>"; };
		C360EA7A26F0C89300289A5C /* OTPVarifyVC.xib */ = {isa = PBXFileReference; lastKnownFileType = file.xib; path = OTPVarifyVC.xib; sourceTree = "<group>"; };
		C3A203AC26FDA7B100506DBC /* NewsVC.swift */ = {isa = PBXFileReference; lastKnownFileType = sourcecode.swift; path = NewsVC.swift; sourceTree = "<group>"; };
		C3A203AD26FDA7B100506DBC /* NewsVC.xib */ = {isa = PBXFileReference; lastKnownFileType = file.xib; path = NewsVC.xib; sourceTree = "<group>"; };
		C3A203B126FDAC8600506DBC /* NewsTVC.swift */ = {isa = PBXFileReference; lastKnownFileType = sourcecode.swift; path = NewsTVC.swift; sourceTree = "<group>"; };
		C3A203B226FDAC8600506DBC /* NewsTVC.xib */ = {isa = PBXFileReference; lastKnownFileType = file.xib; path = NewsTVC.xib; sourceTree = "<group>"; };
		C3A203B626FDDDA800506DBC /* NewsDetailedVC.swift */ = {isa = PBXFileReference; lastKnownFileType = sourcecode.swift; path = NewsDetailedVC.swift; sourceTree = "<group>"; };
		C3A203B726FDDDA800506DBC /* NewsDetailedVC.xib */ = {isa = PBXFileReference; lastKnownFileType = file.xib; path = NewsDetailedVC.xib; sourceTree = "<group>"; };
		C3A203BB26FDDDFC00506DBC /* NewsMainDetailedTVC.swift */ = {isa = PBXFileReference; lastKnownFileType = sourcecode.swift; path = NewsMainDetailedTVC.swift; sourceTree = "<group>"; };
		C3A203BC26FDDDFC00506DBC /* NewsMainDetailedTVC.xib */ = {isa = PBXFileReference; lastKnownFileType = file.xib; path = NewsMainDetailedTVC.xib; sourceTree = "<group>"; };
		C3A203C026FDDE1C00506DBC /* NewsAdditionalTVC.swift */ = {isa = PBXFileReference; lastKnownFileType = sourcecode.swift; path = NewsAdditionalTVC.swift; sourceTree = "<group>"; };
		C3A203C126FDDE1C00506DBC /* NewsAdditionalTVC.xib */ = {isa = PBXFileReference; lastKnownFileType = file.xib; path = NewsAdditionalTVC.xib; sourceTree = "<group>"; };
		C3B15A6B26F3069700B9D76E /* LanguageVC.swift */ = {isa = PBXFileReference; lastKnownFileType = sourcecode.swift; path = LanguageVC.swift; sourceTree = "<group>"; };
		C3B15A6C26F3069700B9D76E /* LanguageVC.xib */ = {isa = PBXFileReference; lastKnownFileType = file.xib; path = LanguageVC.xib; sourceTree = "<group>"; };
		C3B15A7226F34B3700B9D76E /* InterestsVC.swift */ = {isa = PBXFileReference; lastKnownFileType = sourcecode.swift; path = InterestsVC.swift; sourceTree = "<group>"; };
		C3B15A7326F34B3700B9D76E /* InterestsVC.xib */ = {isa = PBXFileReference; lastKnownFileType = file.xib; path = InterestsVC.xib; sourceTree = "<group>"; };
		C3B15A7726F34B6400B9D76E /* HashtagLikeCollectionViewFlowLayout.swift */ = {isa = PBXFileReference; lastKnownFileType = sourcecode.swift; path = HashtagLikeCollectionViewFlowLayout.swift; sourceTree = "<group>"; };
		C3B15A7A26F34C1300B9D76E /* InterestsCVC.swift */ = {isa = PBXFileReference; lastKnownFileType = sourcecode.swift; path = InterestsCVC.swift; sourceTree = "<group>"; };
		C3B15A7B26F34C1300B9D76E /* InterestsCVC.xib */ = {isa = PBXFileReference; lastKnownFileType = file.xib; path = InterestsCVC.xib; sourceTree = "<group>"; };
		C3B15A8426F362A200B9D76E /* InterestTag.swift */ = {isa = PBXFileReference; lastKnownFileType = sourcecode.swift; path = InterestTag.swift; sourceTree = "<group>"; };
		C3B7775226F5B4660020DE16 /* MainTabBarController.swift */ = {isa = PBXFileReference; lastKnownFileType = sourcecode.swift; path = MainTabBarController.swift; sourceTree = "<group>"; };
		C3B7775526F5B5760020DE16 /* HomeVC.swift */ = {isa = PBXFileReference; lastKnownFileType = sourcecode.swift; path = HomeVC.swift; sourceTree = "<group>"; };
		C3B7775626F5B5760020DE16 /* HomeVC.xib */ = {isa = PBXFileReference; lastKnownFileType = file.xib; path = HomeVC.xib; sourceTree = "<group>"; };
		C3F5376226F1B14E004BBF00 /* OTPTextfield.swift */ = {isa = PBXFileReference; lastKnownFileType = sourcecode.swift; path = OTPTextfield.swift; sourceTree = "<group>"; };
		C3F5376526F1BF25004BBF00 /* SigninVC.swift */ = {isa = PBXFileReference; lastKnownFileType = sourcecode.swift; path = SigninVC.swift; sourceTree = "<group>"; };
		C3F5376626F1BF25004BBF00 /* SigninVC.xib */ = {isa = PBXFileReference; lastKnownFileType = file.xib; path = SigninVC.xib; sourceTree = "<group>"; };
		C3F5376A26F1D3AE004BBF00 /* PasswordTextField.swift */ = {isa = PBXFileReference; lastKnownFileType = sourcecode.swift; path = PasswordTextField.swift; sourceTree = "<group>"; };
		C3F5376D26F2039D004BBF00 /* PasswordRecoveryVC.swift */ = {isa = PBXFileReference; lastKnownFileType = sourcecode.swift; path = PasswordRecoveryVC.swift; sourceTree = "<group>"; };
		C3F5376E26F2039D004BBF00 /* PasswordRecoveryVC.xib */ = {isa = PBXFileReference; lastKnownFileType = file.xib; path = PasswordRecoveryVC.xib; sourceTree = "<group>"; };
		C3F5377226F21287004BBF00 /* PasswordOTPVarifyVC.swift */ = {isa = PBXFileReference; lastKnownFileType = sourcecode.swift; path = PasswordOTPVarifyVC.swift; sourceTree = "<group>"; };
		C3F5377326F21287004BBF00 /* PasswordOTPVarifyVC.xib */ = {isa = PBXFileReference; lastKnownFileType = file.xib; path = PasswordOTPVarifyVC.xib; sourceTree = "<group>"; };
		C3F5377726F21B5E004BBF00 /* NewPasswordVC.swift */ = {isa = PBXFileReference; lastKnownFileType = sourcecode.swift; path = NewPasswordVC.swift; sourceTree = "<group>"; };
		C3F5377826F21B5E004BBF00 /* NewPasswordVC.xib */ = {isa = PBXFileReference; lastKnownFileType = file.xib; path = NewPasswordVC.xib; sourceTree = "<group>"; };
		C3F58A7326F4A1EA0039E30F /* DiscardPopupVC.swift */ = {isa = PBXFileReference; lastKnownFileType = sourcecode.swift; path = DiscardPopupVC.swift; sourceTree = "<group>"; };
		C3F58A7426F4A1EA0039E30F /* DiscardPopupVC.xib */ = {isa = PBXFileReference; lastKnownFileType = file.xib; path = DiscardPopupVC.xib; sourceTree = "<group>"; };
/* End PBXFileReference section */

/* Begin PBXFrameworksBuildPhase section */
		C33AAD6326EF2037007CF7B9 /* Frameworks */ = {
			isa = PBXFrameworksBuildPhase;
			buildActionMask = 2147483647;
			files = (
				10ED4BE058E8E6B01F9C1D8C /* Pods_Birzoom.framework in Frameworks */,
			);
			runOnlyForDeploymentPostprocessing = 0;
		};
/* End PBXFrameworksBuildPhase section */

/* Begin PBXGroup section */
		0253D3317D8838D6FB9FF426 /* Frameworks */ = {
			isa = PBXGroup;
			children = (
				29396E119D49209D43537B22 /* Pods_Birzoom.framework */,
			);
			name = Frameworks;
			sourceTree = "<group>";
		};
		9B9D32462A8271F307F79624 /* Pods */ = {
			isa = PBXGroup;
			children = (
				BBB9C0AC7934049803CA4819 /* Pods-Birzoom.debug.xcconfig */,
				274EEDA4A30E59067AF80722 /* Pods-Birzoom.release.xcconfig */,
			);
			path = Pods;
			sourceTree = "<group>";
		};
		C33AAD5D26EF2037007CF7B9 = {
			isa = PBXGroup;
			children = (
				C33AAD6826EF2037007CF7B9 /* Birzoom */,
				C33AAD6726EF2037007CF7B9 /* Products */,
				9B9D32462A8271F307F79624 /* Pods */,
				0253D3317D8838D6FB9FF426 /* Frameworks */,
			);
			sourceTree = "<group>";
		};
		C33AAD6726EF2037007CF7B9 /* Products */ = {
			isa = PBXGroup;
			children = (
				C33AAD6626EF2037007CF7B9 /* Birzoom.app */,
			);
			name = Products;
			sourceTree = "<group>";
		};
		C33AAD6826EF2037007CF7B9 /* Birzoom */ = {
			isa = PBXGroup;
			children = (
				C3B15A8326F3627F00B9D76E /* Models */,
				C3B15A6926F3063800B9D76E /* VCs */,
				C3F5376126F1B10F004BBF00 /* Customs */,
				C33AADA926EF5A2D007CF7B9 /* Helpers */,
				C33AAD8A26EF399E007CF7B9 /* Utils */,
				C33AAD6926EF2037007CF7B9 /* AppDelegate.swift */,
				C33AAD7226EF2039007CF7B9 /* Assets.xcassets */,
				C33AAD7426EF2039007CF7B9 /* LaunchScreen.storyboard */,
				C33AAD7726EF2039007CF7B9 /* Info.plist */,
			);
			path = Birzoom;
			sourceTree = "<group>";
		};
		C33AAD8126EF2240007CF7B9 /* Registration */ = {
			isa = PBXGroup;
			children = (
				C360EA6726F065D900289A5C /* SignupVC.swift */,
				C360EA6826F065D900289A5C /* SignupVC.xib */,
				C360EA7926F0C89300289A5C /* OTPVarifyVC.swift */,
				C360EA7A26F0C89300289A5C /* OTPVarifyVC.xib */,
				C3F5376526F1BF25004BBF00 /* SigninVC.swift */,
				C3F5376626F1BF25004BBF00 /* SigninVC.xib */,
				C3F5376D26F2039D004BBF00 /* PasswordRecoveryVC.swift */,
				C3F5376E26F2039D004BBF00 /* PasswordRecoveryVC.xib */,
				C3F5377226F21287004BBF00 /* PasswordOTPVarifyVC.swift */,
				C3F5377326F21287004BBF00 /* PasswordOTPVarifyVC.xib */,
				C3F5377726F21B5E004BBF00 /* NewPasswordVC.swift */,
				C3F5377826F21B5E004BBF00 /* NewPasswordVC.xib */,
			);
			path = Registration;
			sourceTree = "<group>";
		};
		C33AAD8326EF29A5007CF7B9 /* Welcome */ = {
			isa = PBXGroup;
			children = (
				C33AAD8426EF367D007CF7B9 /* WelcomeVC.swift */,
				C33AAD8526EF367D007CF7B9 /* WelcomeVC.xib */,
			);
			path = Welcome;
			sourceTree = "<group>";
		};
		C33AAD8A26EF399E007CF7B9 /* Utils */ = {
			isa = PBXGroup;
			children = (
				C34CB57426FB479300FF15C2 /* Video */,
				C33AAD8B26EF39A7007CF7B9 /* Fonts */,
			);
			path = Utils;
			sourceTree = "<group>";
		};
		C33AAD8B26EF39A7007CF7B9 /* Fonts */ = {
			isa = PBXGroup;
			children = (
				C33AAD8D26EF59D8007CF7B9 /* Roboto */,
			);
			path = Fonts;
			sourceTree = "<group>";
		};
		C33AAD8D26EF59D8007CF7B9 /* Roboto */ = {
			isa = PBXGroup;
			children = (
				C33AAD9726EF59E8007CF7B9 /* LICENSE.txt */,
				C33AAD9326EF59E8007CF7B9 /* Roboto-Black.ttf */,
				C33AAD9626EF59E8007CF7B9 /* Roboto-BlackItalic.ttf */,
				C33AAD9426EF59E8007CF7B9 /* Roboto-Bold.ttf */,
				C33AAD9126EF59E7007CF7B9 /* Roboto-BoldItalic.ttf */,
				C33AAD8F26EF59E7007CF7B9 /* Roboto-Italic.ttf */,
				C33AAD9826EF59E8007CF7B9 /* Roboto-Light.ttf */,
				C33AAD9026EF59E7007CF7B9 /* Roboto-LightItalic.ttf */,
				C33AAD9926EF59E8007CF7B9 /* Roboto-Medium.ttf */,
				C33AAD8E26EF59E7007CF7B9 /* Roboto-MediumItalic.ttf */,
				C33AAD9A26EF59E8007CF7B9 /* Roboto-Regular.ttf */,
				C33AAD9526EF59E8007CF7B9 /* Roboto-Thin.ttf */,
				C33AAD9226EF59E7007CF7B9 /* Roboto-ThinItalic.ttf */,
			);
			path = Roboto;
			sourceTree = "<group>";
		};
		C33AADA926EF5A2D007CF7B9 /* Helpers */ = {
			isa = PBXGroup;
			children = (
				C33AADAA26EF5A6C007CF7B9 /* Enums.swift */,
				C33AADAD26EF5D39007CF7B9 /* Extensions.swift */,
				C33AADB026EF699A007CF7B9 /* Lang.swift */,
				C33AADB326EF6BB3007CF7B9 /* Cache.swift */,
				C33AADBE26EF6E1E007CF7B9 /* Keys.swift */,
			);
			path = Helpers;
			sourceTree = "<group>";
		};
		C34CB56D26FB183F00FF15C2 /* Guide */ = {
			isa = PBXGroup;
			children = (
				C34CB56E26FB37B100FF15C2 /* GuideVC.swift */,
				C34CB56F26FB37B100FF15C2 /* GuideVC.xib */,
			);
			path = Guide;
			sourceTree = "<group>";
		};
		C34CB57426FB479300FF15C2 /* Video */ = {
			isa = PBXGroup;
			children = (
				C34CB57526FB47AC00FF15C2 /* bigbuck.mp4 */,
			);
			path = Video;
			sourceTree = "<group>";
		};
		C352145626FC9B9B0073185A /* News */ = {
			isa = PBXGroup;
			children = (
				C3A203AC26FDA7B100506DBC /* NewsVC.swift */,
				C3A203AD26FDA7B100506DBC /* NewsVC.xib */,
				C3A203B126FDAC8600506DBC /* NewsTVC.swift */,
				C3A203B226FDAC8600506DBC /* NewsTVC.xib */,
				C3A203B626FDDDA800506DBC /* NewsDetailedVC.swift */,
				C3A203B726FDDDA800506DBC /* NewsDetailedVC.xib */,
				C3A203BB26FDDDFC00506DBC /* NewsMainDetailedTVC.swift */,
				C3A203BC26FDDDFC00506DBC /* NewsMainDetailedTVC.xib */,
				C3A203C026FDDE1C00506DBC /* NewsAdditionalTVC.swift */,
				C3A203C126FDDE1C00506DBC /* NewsAdditionalTVC.xib */,
			);
			path = News;
			sourceTree = "<group>";
		};
		C3B15A6826F3061100B9D76E /* Interests */ = {
			isa = PBXGroup;
			children = (
				C3B15A7226F34B3700B9D76E /* InterestsVC.swift */,
				C3B15A7326F34B3700B9D76E /* InterestsVC.xib */,
				C3B15A7726F34B6400B9D76E /* HashtagLikeCollectionViewFlowLayout.swift */,
				C3B15A7A26F34C1300B9D76E /* InterestsCVC.swift */,
				C3B15A7B26F34C1300B9D76E /* InterestsCVC.xib */,
			);
			path = Interests;
			sourceTree = "<group>";
		};
		C3B15A6926F3063800B9D76E /* VCs */ = {
			isa = PBXGroup;
			children = (
				C352145626FC9B9B0073185A /* News */,
				C34CB56D26FB183F00FF15C2 /* Guide */,
				C3F58A7126F49E360039E30F /* Home */,
				C3B15A7126F34B0100B9D76E /* Language */,
				C33AAD8326EF29A5007CF7B9 /* Welcome */,
				C33AAD8126EF2240007CF7B9 /* Registration */,
				C3B15A6826F3061100B9D76E /* Interests */,
			);
			path = VCs;
			sourceTree = "<group>";
		};
		C3B15A7126F34B0100B9D76E /* Language */ = {
			isa = PBXGroup;
			children = (
				C3B15A6B26F3069700B9D76E /* LanguageVC.swift */,
				C3B15A6C26F3069700B9D76E /* LanguageVC.xib */,
			);
			path = Language;
			sourceTree = "<group>";
		};
		C3B15A8326F3627F00B9D76E /* Models */ = {
			isa = PBXGroup;
			children = (
				C3B15A8426F362A200B9D76E /* InterestTag.swift */,
			);
			path = Models;
			sourceTree = "<group>";
		};
		C3F5376126F1B10F004BBF00 /* Customs */ = {
			isa = PBXGroup;
			children = (
				C3F5376226F1B14E004BBF00 /* OTPTextfield.swift */,
				C3F5376A26F1D3AE004BBF00 /* PasswordTextField.swift */,
			);
			path = Customs;
			sourceTree = "<group>";
		};
		C3F58A7126F49E360039E30F /* Home */ = {
			isa = PBXGroup;
			children = (
				C3F58A7326F4A1EA0039E30F /* DiscardPopupVC.swift */,
				C3F58A7426F4A1EA0039E30F /* DiscardPopupVC.xib */,
				C3B7775226F5B4660020DE16 /* MainTabBarController.swift */,
				C3B7775526F5B5760020DE16 /* HomeVC.swift */,
				C3B7775626F5B5760020DE16 /* HomeVC.xib */,
				C30607C326F8CCA600D2A88A /* LessonTVC.swift */,
				C30607C426F8CCA600D2A88A /* LessonTVC.xib */,
				C34CB56326FAFB3B00FF15C2 /* NewsCVC.swift */,
				C34CB56426FAFB3B00FF15C2 /* NewsCVC.xib */,
				C34CB56826FB0C7C00FF15C2 /* VideosCVC.swift */,
				C34CB56926FB0C7C00FF15C2 /* VideosCVC.xib */,
			);
			path = Home;
			sourceTree = "<group>";
		};
/* End PBXGroup section */

/* Begin PBXNativeTarget section */
		C33AAD6526EF2037007CF7B9 /* Birzoom */ = {
			isa = PBXNativeTarget;
			buildConfigurationList = C33AAD7A26EF2039007CF7B9 /* Build configuration list for PBXNativeTarget "Birzoom" */;
			buildPhases = (
				A9E74F36FA011B705B38EB3A /* [CP] Check Pods Manifest.lock */,
				C33AAD6226EF2037007CF7B9 /* Sources */,
				C33AAD6326EF2037007CF7B9 /* Frameworks */,
				C33AAD6426EF2037007CF7B9 /* Resources */,
				FDC7BB57F57326D7E5018D9A /* [CP] Embed Pods Frameworks */,
			);
			buildRules = (
			);
			dependencies = (
			);
			name = Birzoom;
			productName = Birzoom;
			productReference = C33AAD6626EF2037007CF7B9 /* Birzoom.app */;
			productType = "com.apple.product-type.application";
		};
/* End PBXNativeTarget section */

/* Begin PBXProject section */
		C33AAD5E26EF2037007CF7B9 /* Project object */ = {
			isa = PBXProject;
			attributes = {
				LastSwiftUpdateCheck = 1240;
				LastUpgradeCheck = 1240;
				TargetAttributes = {
					C33AAD6526EF2037007CF7B9 = {
						CreatedOnToolsVersion = 12.4;
					};
				};
			};
			buildConfigurationList = C33AAD6126EF2037007CF7B9 /* Build configuration list for PBXProject "Birzoom" */;
			compatibilityVersion = "Xcode 9.3";
			developmentRegion = en;
			hasScannedForEncodings = 0;
			knownRegions = (
				en,
				Base,
			);
			mainGroup = C33AAD5D26EF2037007CF7B9;
			productRefGroup = C33AAD6726EF2037007CF7B9 /* Products */;
			projectDirPath = "";
			projectRoot = "";
			targets = (
				C33AAD6526EF2037007CF7B9 /* Birzoom */,
			);
		};
/* End PBXProject section */

/* Begin PBXResourcesBuildPhase section */
		C33AAD6426EF2037007CF7B9 /* Resources */ = {
			isa = PBXResourcesBuildPhase;
			buildActionMask = 2147483647;
			files = (
				C33AAD9B26EF59E8007CF7B9 /* Roboto-MediumItalic.ttf in Resources */,
				C34CB57626FB47AC00FF15C2 /* bigbuck.mp4 in Resources */,
				C3F5376826F1BF25004BBF00 /* SigninVC.xib in Resources */,
				C3B15A7526F34B3700B9D76E /* InterestsVC.xib in Resources */,
				C3A203B426FDAC8600506DBC /* NewsTVC.xib in Resources */,
				C3F5377026F2039D004BBF00 /* PasswordRecoveryVC.xib in Resources */,
				C34CB56626FAFB3C00FF15C2 /* NewsCVC.xib in Resources */,
				C33AAD7626EF2039007CF7B9 /* LaunchScreen.storyboard in Resources */,
				C33AADA726EF59E8007CF7B9 /* Roboto-Regular.ttf in Resources */,
				C33AADA126EF59E8007CF7B9 /* Roboto-Bold.ttf in Resources */,
				C33AAD9D26EF59E8007CF7B9 /* Roboto-LightItalic.ttf in Resources */,
				C34CB57126FB37B200FF15C2 /* GuideVC.xib in Resources */,
				C360EA7C26F0C89300289A5C /* OTPVarifyVC.xib in Resources */,
				C33AADA526EF59E8007CF7B9 /* Roboto-Light.ttf in Resources */,
				C33AADA626EF59E8007CF7B9 /* Roboto-Medium.ttf in Resources */,
				C33AADA226EF59E8007CF7B9 /* Roboto-Thin.ttf in Resources */,
				C360EA6A26F065D900289A5C /* SignupVC.xib in Resources */,
				C3F5377A26F21B5E004BBF00 /* NewPasswordVC.xib in Resources */,
				C3A203B926FDDDA900506DBC /* NewsDetailedVC.xib in Resources */,
				C33AADA426EF59E8007CF7B9 /* LICENSE.txt in Resources */,
				C33AAD9C26EF59E8007CF7B9 /* Roboto-Italic.ttf in Resources */,
				C3F58A7626F4A1EA0039E30F /* DiscardPopupVC.xib in Resources */,
				C34CB56B26FB0C7C00FF15C2 /* VideosCVC.xib in Resources */,
				C33AAD9F26EF59E8007CF7B9 /* Roboto-ThinItalic.ttf in Resources */,
				C33AADA326EF59E8007CF7B9 /* Roboto-BlackItalic.ttf in Resources */,
				C33AADA026EF59E8007CF7B9 /* Roboto-Black.ttf in Resources */,
				C3B15A6E26F3069700B9D76E /* LanguageVC.xib in Resources */,
				C33AAD8726EF367D007CF7B9 /* WelcomeVC.xib in Resources */,
				C3B7775826F5B5760020DE16 /* HomeVC.xib in Resources */,
				C30607C626F8CCA600D2A88A /* LessonTVC.xib in Resources */,
				C3A203C326FDDE1C00506DBC /* NewsAdditionalTVC.xib in Resources */,
				C3F5377526F21287004BBF00 /* PasswordOTPVarifyVC.xib in Resources */,
				C3A203BE26FDDDFC00506DBC /* NewsMainDetailedTVC.xib in Resources */,
				C33AAD9E26EF59E8007CF7B9 /* Roboto-BoldItalic.ttf in Resources */,
				C3A203AF26FDA7B100506DBC /* NewsVC.xib in Resources */,
				C3B15A7D26F34C1300B9D76E /* InterestsCVC.xib in Resources */,
				C33AAD7326EF2039007CF7B9 /* Assets.xcassets in Resources */,
			);
			runOnlyForDeploymentPostprocessing = 0;
		};
/* End PBXResourcesBuildPhase section */

/* Begin PBXShellScriptBuildPhase section */
		A9E74F36FA011B705B38EB3A /* [CP] Check Pods Manifest.lock */ = {
			isa = PBXShellScriptBuildPhase;
			buildActionMask = 2147483647;
			files = (
			);
			inputFileListPaths = (
			);
			inputPaths = (
				"${PODS_PODFILE_DIR_PATH}/Podfile.lock",
				"${PODS_ROOT}/Manifest.lock",
			);
			name = "[CP] Check Pods Manifest.lock";
			outputFileListPaths = (
			);
			outputPaths = (
				"$(DERIVED_FILE_DIR)/Pods-Birzoom-checkManifestLockResult.txt",
			);
			runOnlyForDeploymentPostprocessing = 0;
			shellPath = /bin/sh;
			shellScript = "diff \"${PODS_PODFILE_DIR_PATH}/Podfile.lock\" \"${PODS_ROOT}/Manifest.lock\" > /dev/null\nif [ $? != 0 ] ; then\n    # print error to STDERR\n    echo \"error: The sandbox is not in sync with the Podfile.lock. Run 'pod install' or update your CocoaPods installation.\" >&2\n    exit 1\nfi\n# This output is used by Xcode 'outputs' to avoid re-running this script phase.\necho \"SUCCESS\" > \"${SCRIPT_OUTPUT_FILE_0}\"\n";
			showEnvVarsInLog = 0;
		};
		FDC7BB57F57326D7E5018D9A /* [CP] Embed Pods Frameworks */ = {
			isa = PBXShellScriptBuildPhase;
			buildActionMask = 2147483647;
			files = (
			);
			inputFileListPaths = (
				"${PODS_ROOT}/Target Support Files/Pods-Birzoom/Pods-Birzoom-frameworks-${CONFIGURATION}-input-files.xcfilelist",
			);
			name = "[CP] Embed Pods Frameworks";
			outputFileListPaths = (
				"${PODS_ROOT}/Target Support Files/Pods-Birzoom/Pods-Birzoom-frameworks-${CONFIGURATION}-output-files.xcfilelist",
			);
			runOnlyForDeploymentPostprocessing = 0;
			shellPath = /bin/sh;
			shellScript = "\"${PODS_ROOT}/Target Support Files/Pods-Birzoom/Pods-Birzoom-frameworks.sh\"\n";
			showEnvVarsInLog = 0;
		};
/* End PBXShellScriptBuildPhase section */

/* Begin PBXSourcesBuildPhase section */
		C33AAD6226EF2037007CF7B9 /* Sources */ = {
			isa = PBXSourcesBuildPhase;
			buildActionMask = 2147483647;
			files = (
				C360EA6926F065D900289A5C /* SignupVC.swift in Sources */,
				C3A203BD26FDDDFC00506DBC /* NewsMainDetailedTVC.swift in Sources */,
				C3B15A7426F34B3700B9D76E /* InterestsVC.swift in Sources */,
				C3B7775326F5B4660020DE16 /* MainTabBarController.swift in Sources */,
				C30607C526F8CCA600D2A88A /* LessonTVC.swift in Sources */,
				C33AADB126EF699A007CF7B9 /* Lang.swift in Sources */,
				C3A203B826FDDDA900506DBC /* NewsDetailedVC.swift in Sources */,
				C3B15A7C26F34C1300B9D76E /* InterestsCVC.swift in Sources */,
				C3F5376B26F1D3AE004BBF00 /* PasswordTextField.swift in Sources */,
				C3A203B326FDAC8600506DBC /* NewsTVC.swift in Sources */,
				C34CB56526FAFB3C00FF15C2 /* NewsCVC.swift in Sources */,
				C33AAD6A26EF2037007CF7B9 /* AppDelegate.swift in Sources */,
				C3B15A8526F362A200B9D76E /* InterestTag.swift in Sources */,
				C3F58A7526F4A1EA0039E30F /* DiscardPopupVC.swift in Sources */,
				C3F5376326F1B14E004BBF00 /* OTPTextfield.swift in Sources */,
				C34CB57026FB37B200FF15C2 /* GuideVC.swift in Sources */,
				C33AADAB26EF5A6C007CF7B9 /* Enums.swift in Sources */,
				C33AAD8626EF367D007CF7B9 /* WelcomeVC.swift in Sources */,
				C34CB56A26FB0C7C00FF15C2 /* VideosCVC.swift in Sources */,
				C360EA7B26F0C89300289A5C /* OTPVarifyVC.swift in Sources */,
				C3A203AE26FDA7B100506DBC /* NewsVC.swift in Sources */,
				C3A203C226FDDE1C00506DBC /* NewsAdditionalTVC.swift in Sources */,
				C3B7775726F5B5760020DE16 /* HomeVC.swift in Sources */,
				C3B15A6D26F3069700B9D76E /* LanguageVC.swift in Sources */,
				C33AADBF26EF6E1E007CF7B9 /* Keys.swift in Sources */,
				C33AADB426EF6BB3007CF7B9 /* Cache.swift in Sources */,
				C3B15A7826F34B6400B9D76E /* HashtagLikeCollectionViewFlowLayout.swift in Sources */,
				C33AADAE26EF5D39007CF7B9 /* Extensions.swift in Sources */,
				C3F5376726F1BF25004BBF00 /* SigninVC.swift in Sources */,
				C3F5377926F21B5E004BBF00 /* NewPasswordVC.swift in Sources */,
				C3F5377426F21287004BBF00 /* PasswordOTPVarifyVC.swift in Sources */,
				C3F5376F26F2039D004BBF00 /* PasswordRecoveryVC.swift in Sources */,
			);
			runOnlyForDeploymentPostprocessing = 0;
		};
/* End PBXSourcesBuildPhase section */

/* Begin PBXVariantGroup section */
		C33AAD7426EF2039007CF7B9 /* LaunchScreen.storyboard */ = {
			isa = PBXVariantGroup;
			children = (
				C33AAD7526EF2039007CF7B9 /* Base */,
			);
			name = LaunchScreen.storyboard;
			sourceTree = "<group>";
		};
/* End PBXVariantGroup section */

/* Begin XCBuildConfiguration section */
		C33AAD7826EF2039007CF7B9 /* Debug */ = {
			isa = XCBuildConfiguration;
			buildSettings = {
				ALWAYS_SEARCH_USER_PATHS = NO;
				CLANG_ANALYZER_NONNULL = YES;
				CLANG_ANALYZER_NUMBER_OBJECT_CONVERSION = YES_AGGRESSIVE;
				CLANG_CXX_LANGUAGE_STANDARD = "gnu++14";
				CLANG_CXX_LIBRARY = "libc++";
				CLANG_ENABLE_MODULES = YES;
				CLANG_ENABLE_OBJC_ARC = YES;
				CLANG_ENABLE_OBJC_WEAK = YES;
				CLANG_WARN_BLOCK_CAPTURE_AUTORELEASING = YES;
				CLANG_WARN_BOOL_CONVERSION = YES;
				CLANG_WARN_COMMA = YES;
				CLANG_WARN_CONSTANT_CONVERSION = YES;
				CLANG_WARN_DEPRECATED_OBJC_IMPLEMENTATIONS = YES;
				CLANG_WARN_DIRECT_OBJC_ISA_USAGE = YES_ERROR;
				CLANG_WARN_DOCUMENTATION_COMMENTS = YES;
				CLANG_WARN_EMPTY_BODY = YES;
				CLANG_WARN_ENUM_CONVERSION = YES;
				CLANG_WARN_INFINITE_RECURSION = YES;
				CLANG_WARN_INT_CONVERSION = YES;
				CLANG_WARN_NON_LITERAL_NULL_CONVERSION = YES;
				CLANG_WARN_OBJC_IMPLICIT_RETAIN_SELF = YES;
				CLANG_WARN_OBJC_LITERAL_CONVERSION = YES;
				CLANG_WARN_OBJC_ROOT_CLASS = YES_ERROR;
				CLANG_WARN_QUOTED_INCLUDE_IN_FRAMEWORK_HEADER = YES;
				CLANG_WARN_RANGE_LOOP_ANALYSIS = YES;
				CLANG_WARN_STRICT_PROTOTYPES = YES;
				CLANG_WARN_SUSPICIOUS_MOVE = YES;
				CLANG_WARN_UNGUARDED_AVAILABILITY = YES_AGGRESSIVE;
				CLANG_WARN_UNREACHABLE_CODE = YES;
				CLANG_WARN__DUPLICATE_METHOD_MATCH = YES;
				COPY_PHASE_STRIP = NO;
				DEBUG_INFORMATION_FORMAT = dwarf;
				ENABLE_STRICT_OBJC_MSGSEND = YES;
				ENABLE_TESTABILITY = YES;
				GCC_C_LANGUAGE_STANDARD = gnu11;
				GCC_DYNAMIC_NO_PIC = NO;
				GCC_NO_COMMON_BLOCKS = YES;
				GCC_OPTIMIZATION_LEVEL = 0;
				GCC_PREPROCESSOR_DEFINITIONS = (
					"DEBUG=1",
					"$(inherited)",
				);
				GCC_WARN_64_TO_32_BIT_CONVERSION = YES;
				GCC_WARN_ABOUT_RETURN_TYPE = YES_ERROR;
				GCC_WARN_UNDECLARED_SELECTOR = YES;
				GCC_WARN_UNINITIALIZED_AUTOS = YES_AGGRESSIVE;
				GCC_WARN_UNUSED_FUNCTION = YES;
				GCC_WARN_UNUSED_VARIABLE = YES;
				IPHONEOS_DEPLOYMENT_TARGET = 14.4;
				MTL_ENABLE_DEBUG_INFO = INCLUDE_SOURCE;
				MTL_FAST_MATH = YES;
				ONLY_ACTIVE_ARCH = YES;
				SDKROOT = iphoneos;
				SWIFT_ACTIVE_COMPILATION_CONDITIONS = DEBUG;
				SWIFT_OPTIMIZATION_LEVEL = "-Onone";
			};
			name = Debug;
		};
		C33AAD7926EF2039007CF7B9 /* Release */ = {
			isa = XCBuildConfiguration;
			buildSettings = {
				ALWAYS_SEARCH_USER_PATHS = NO;
				CLANG_ANALYZER_NONNULL = YES;
				CLANG_ANALYZER_NUMBER_OBJECT_CONVERSION = YES_AGGRESSIVE;
				CLANG_CXX_LANGUAGE_STANDARD = "gnu++14";
				CLANG_CXX_LIBRARY = "libc++";
				CLANG_ENABLE_MODULES = YES;
				CLANG_ENABLE_OBJC_ARC = YES;
				CLANG_ENABLE_OBJC_WEAK = YES;
				CLANG_WARN_BLOCK_CAPTURE_AUTORELEASING = YES;
				CLANG_WARN_BOOL_CONVERSION = YES;
				CLANG_WARN_COMMA = YES;
				CLANG_WARN_CONSTANT_CONVERSION = YES;
				CLANG_WARN_DEPRECATED_OBJC_IMPLEMENTATIONS = YES;
				CLANG_WARN_DIRECT_OBJC_ISA_USAGE = YES_ERROR;
				CLANG_WARN_DOCUMENTATION_COMMENTS = YES;
				CLANG_WARN_EMPTY_BODY = YES;
				CLANG_WARN_ENUM_CONVERSION = YES;
				CLANG_WARN_INFINITE_RECURSION = YES;
				CLANG_WARN_INT_CONVERSION = YES;
				CLANG_WARN_NON_LITERAL_NULL_CONVERSION = YES;
				CLANG_WARN_OBJC_IMPLICIT_RETAIN_SELF = YES;
				CLANG_WARN_OBJC_LITERAL_CONVERSION = YES;
				CLANG_WARN_OBJC_ROOT_CLASS = YES_ERROR;
				CLANG_WARN_QUOTED_INCLUDE_IN_FRAMEWORK_HEADER = YES;
				CLANG_WARN_RANGE_LOOP_ANALYSIS = YES;
				CLANG_WARN_STRICT_PROTOTYPES = YES;
				CLANG_WARN_SUSPICIOUS_MOVE = YES;
				CLANG_WARN_UNGUARDED_AVAILABILITY = YES_AGGRESSIVE;
				CLANG_WARN_UNREACHABLE_CODE = YES;
				CLANG_WARN__DUPLICATE_METHOD_MATCH = YES;
				COPY_PHASE_STRIP = NO;
				DEBUG_INFORMATION_FORMAT = "dwarf-with-dsym";
				ENABLE_NS_ASSERTIONS = NO;
				ENABLE_STRICT_OBJC_MSGSEND = YES;
				GCC_C_LANGUAGE_STANDARD = gnu11;
				GCC_NO_COMMON_BLOCKS = YES;
				GCC_WARN_64_TO_32_BIT_CONVERSION = YES;
				GCC_WARN_ABOUT_RETURN_TYPE = YES_ERROR;
				GCC_WARN_UNDECLARED_SELECTOR = YES;
				GCC_WARN_UNINITIALIZED_AUTOS = YES_AGGRESSIVE;
				GCC_WARN_UNUSED_FUNCTION = YES;
				GCC_WARN_UNUSED_VARIABLE = YES;
				IPHONEOS_DEPLOYMENT_TARGET = 14.4;
				MTL_ENABLE_DEBUG_INFO = NO;
				MTL_FAST_MATH = YES;
				SDKROOT = iphoneos;
				SWIFT_COMPILATION_MODE = wholemodule;
				SWIFT_OPTIMIZATION_LEVEL = "-O";
				VALIDATE_PRODUCT = YES;
			};
			name = Release;
		};
		C33AAD7B26EF2039007CF7B9 /* Debug */ = {
			isa = XCBuildConfiguration;
			baseConfigurationReference = BBB9C0AC7934049803CA4819 /* Pods-Birzoom.debug.xcconfig */;
			buildSettings = {
				ASSETCATALOG_COMPILER_APPICON_NAME = AppIcon;
				ASSETCATALOG_COMPILER_GLOBAL_ACCENT_COLOR_NAME = AccentColor;
				CODE_SIGN_STYLE = Automatic;
				DEVELOPMENT_TEAM = L4PP343Y28;
				INFOPLIST_FILE = Birzoom/Info.plist;
				IPHONEOS_DEPLOYMENT_TARGET = 11.0;
				LD_RUNPATH_SEARCH_PATHS = (
					"$(inherited)",
					"@executable_path/Frameworks",
				);
				PRODUCT_BUNDLE_IDENTIFIER = uz.tesseract.Test.Birzoom;
				PRODUCT_NAME = "$(TARGET_NAME)";
				SWIFT_VERSION = 5.0;
				TARGETED_DEVICE_FAMILY = "1,2";
			};
			name = Debug;
		};
		C33AAD7C26EF2039007CF7B9 /* Release */ = {
			isa = XCBuildConfiguration;
			baseConfigurationReference = 274EEDA4A30E59067AF80722 /* Pods-Birzoom.release.xcconfig */;
			buildSettings = {
				ASSETCATALOG_COMPILER_APPICON_NAME = AppIcon;
				ASSETCATALOG_COMPILER_GLOBAL_ACCENT_COLOR_NAME = AccentColor;
				CODE_SIGN_STYLE = Automatic;
				DEVELOPMENT_TEAM = L4PP343Y28;
				INFOPLIST_FILE = Birzoom/Info.plist;
				IPHONEOS_DEPLOYMENT_TARGET = 11.0;
				LD_RUNPATH_SEARCH_PATHS = (
					"$(inherited)",
					"@executable_path/Frameworks",
				);
				PRODUCT_BUNDLE_IDENTIFIER = uz.tesseract.Test.Birzoom;
				PRODUCT_NAME = "$(TARGET_NAME)";
				SWIFT_VERSION = 5.0;
				TARGETED_DEVICE_FAMILY = "1,2";
			};
			name = Release;
		};
/* End XCBuildConfiguration section */

/* Begin XCConfigurationList section */
		C33AAD6126EF2037007CF7B9 /* Build configuration list for PBXProject "Birzoom" */ = {
			isa = XCConfigurationList;
			buildConfigurations = (
				C33AAD7826EF2039007CF7B9 /* Debug */,
				C33AAD7926EF2039007CF7B9 /* Release */,
			);
			defaultConfigurationIsVisible = 0;
			defaultConfigurationName = Release;
		};
		C33AAD7A26EF2039007CF7B9 /* Build configuration list for PBXNativeTarget "Birzoom" */ = {
			isa = XCConfigurationList;
			buildConfigurations = (
				C33AAD7B26EF2039007CF7B9 /* Debug */,
				C33AAD7C26EF2039007CF7B9 /* Release */,
			);
			defaultConfigurationIsVisible = 0;
			defaultConfigurationName = Release;
		};
/* End XCConfigurationList section */
	};
	rootObject = C33AAD5E26EF2037007CF7B9 /* Project object */;
}
